# This file is generated by running "yarn install" inside your project.
# Manual changes might be lost - proceed with caution!

__metadata:
  version: 4

"w-1@workspace:w-1":
  version: 0.0.0-use.local
  resolution: "w-1@workspace:w-1"
  languageName: unknown
  linkType: soft

"w-2@workspace:w-2":
  version: 0.0.0-use.local
  resolution: "w-2@workspace:w-2"
  languageName: unknown
  linkType: soft

"yarn-test@workspace:.":
  version: 0.0.0-use.local
  resolution: "yarn-test@workspace:."
  languageName: unknown
  linkType: soft
